{
  "name": "CarryGo",
  "lockfileVersion": 3,
  "requires": true,
  "packages": {
    "": {
      "dependencies": {
        "@stomp/stompjs": "^7.3.0",
        "chart.js": "^4.5.1",
        "leaflet": "^1.9.4"
      },
      "devDependencies": {
        "@types/chart.js": "^2.9.41",
        "@types/leaflet": "^1.9.21"
      }
    },
    "node_modules/@kurkle/color": {
      "version": "0.3.4",
      "resolved": "https://registry.npmjs.org/@kurkle/color/-/color-0.3.4.tgz",
      "integrity": "sha512-M5UknZPHRu3DEDWoipU6sE8PdkZ6Z/S+v4dD+Ke8IaNlpdSQah50lz1KtcFBa2vsdOnwbbnxJwVM4wty6udA5w==",
      "license": "MIT"
    },
    "node_modules/@stomp/stompjs": {
      "version": "7.3.0",
      "resolved": "https://registry.npmjs.org/@stomp/stompjs/-/stompjs-7.3.0.tgz",
      "integrity": "sha512-nKMLoFfJhrQAqkvvKd1vLq/cVBGCMwPRCD0LqW7UT1fecRx9C3GoKEIR2CYwVuErGeZu8w0kFkl2rlhPlqHVgQ==",
      "license": "Apache-2.0"
    },
    "node_modules/@types/chart.js": {
      "version": "2.9.41",
      "resolved": "https://registry.npmjs.org/@types/chart.js/-/chart.js-2.9.41.tgz",
      "integrity": "sha512-3dvkDvueckY83UyUXtJMalYoH6faOLkWQoaTlJgB4Djde3oORmNP0Jw85HtzTuXyliUHcdp704s0mZFQKio/KQ==",
      "dev": true,
      "license": "MIT",
      "dependencies": {
        "moment": "^2.10.2"
      }
    },
    "node_modules/@types/geojson": {
      "version": "7946.0.16",
      "resolved": "https://registry.npmjs.org/@types/geojson/-/geojson-7946.0.16.tgz",
      "integrity": "sha512-6C8nqWur3j98U6+lXDfTUWIfgvZU+EumvpHKcYjujKH7woYyLj2sUmff0tRhrqM7BohUw7Pz3ZB1jj2gW9Fvmg==",
      "dev": true,
      "license": "MIT"
    },
    "node_modules/@types/leaflet": {
      "version": "1.9.21",
      "resolved": "https://registry.npmjs.org/@types/leaflet/-/leaflet-1.9.21.tgz",
      "integrity": "sha512-TbAd9DaPGSnzp6QvtYngntMZgcRk+igFELwR2N99XZn7RXUdKgsXMR+28bUO0rPsWp8MIu/f47luLIQuSLYv/w==",
      "dev": true,
      "license": "MIT",
      "dependencies": {
        "@types/geojson": "*"
      }
    },
    "node_modules/chart.js": {
      "version": "4.5.1",
      "resolved": "https://registry.npmjs.org/chart.js/-/chart.js-4.5.1.tgz",
      "integrity": "sha512-GIjfiT9dbmHRiYi6Nl2yFCq7kkwdkp1W/lp2J99rX0yo9tgJGn3lKQATztIjb5tVtevcBtIdICNWqlq5+E8/Pw==",
      "license": "MIT",
      "dependencies": {
        "@kurkle/color": "^0.3.0"
      },
      "engines": {
        "pnpm": ">=8"
      }
    },
    "node_modules/leaflet": {
      "version": "1.9.4",
      "resolved": "https://registry.npmjs.org/leaflet/-/leaflet-1.9.4.tgz",
      "integrity": "sha512-nxS1ynzJOmOlHp+iL3FyWqK89GtNL8U8rvlMOsQdTTssxZwCXh8N2NB3GDQOL+YR3XnWyZAxwQixURb+FA74PA==",
      "license": "BSD-2-Clause"
    },
    "node_modules/moment": {
      "version": "2.30.1",
      "resolved": "https://registry.npmjs.org/moment/-/moment-2.30.1.tgz",
      "integrity": "sha512-uEmtNhbDOrWPFS+hdjFCBfy9f2YoyzRpwcl+DqpC6taX21FzsTLQVbMV/W7PzNSX6x/bhC1zA3c2UQ5NzH6how==",
      "dev": true,
      "license": "MIT",
      "engines": {
        "node": "*"
      }
    }
  }
}
